{
  "requires": true,
  "lockfileVersion": 1,
  "dependencies": {
    "comment-patterns": {
      "version": "0.12.2",
      "resolved": "https://registry.npmjs.org/comment-patterns/-/comment-patterns-0.12.2.tgz",
      "integrity": "sha512-yA1FeubMSK0MXzapPm1uNdxyGk0mTAn5qrsVS6uQUSDOpUgWVLCqsgZfA/lhRx6TCLr1MvxeRqXOb1peWXWg3Q==",
      "requires": {
        "lodash": "^4.17.11"
      }
    },
    "line-counter": {
      "version": "1.1.0",
      "resolved": "https://registry.npmjs.org/line-counter/-/line-counter-1.1.0.tgz",
      "integrity": "sha512-6bmXJG/pOX5HBb2aIJZrI9CALBgY1VMbS0GPuXfJaT13UEfee/2xxPCsOOJdXLl3KPRyBf2/D+cjiG8hU9S7LA=="
    },
    "lodash": {
      "version": "4.17.21",
      "resolved": "https://registry.npmjs.org/lodash/-/lodash-4.17.21.tgz",
      "integrity": "sha512-v2kDEe57lecTulaDIuNTPy3Ry4gLGJ6Z1O3vE1krgXZNrsQ+LFTGHVxVjcXPs17LhbZVGedAJv8XZ1tvj5FvSg=="
    },
    "multilang-extract-comments": {
      "version": "0.4.0",
      "resolved": "https://registry.npmjs.org/multilang-extract-comments/-/multilang-extract-comments-0.4.0.tgz",
      "integrity": "sha512-8mXCo9Q42Wyfho9nn7hHkG/0sKxH0nJWfmBLl8+c+FLv++XhFkFC1sntOk4NFZ+nSpoMjlF/8ILeOLyMRTFbIw==",
      "requires": {
        "comment-patterns": "^0.12.0",
        "line-counter": "^1.0.3",
        "lodash": "^4.17.11",
        "quotemeta": "0.0.0"
      }
    },
    "quotemeta": {
      "version": "0.0.0",
      "resolved": "https://registry.npmjs.org/quotemeta/-/quotemeta-0.0.0.tgz",
      "integrity": "sha512-1XGObUh7RN5b58vKuAsrlfqT+Rc4vmw8N4pP9gFCq1GFlTdV0Ex/D2Ro1Drvrqj++HPi3ig0Np17XPslELeMRA=="
    }
  }
}
